
Microsoft Visual Studio Solution File, Format Version 12.00
# Visual Studio Version 17
VisualStudioVersion = 17.8.34601.278
MinimumVisualStudioVersion = 10.0.40219.1
Project("{2150E333-8FDC-42A3-9474-1A3956D46DE8}") = "Delivery", "Delivery", "{D703D853-477A-46B8-960F-680A8199C100}"
EndProject
Project("{2150E333-8FDC-42A3-9474-1A3956D46DE8}") = "Adapters", "Adapters", "{D4CD2E62-0B2A-4B19-8F9C-21CA7CDC7501}"
EndProject
Project("{2150E333-8FDC-42A3-9474-1A3956D46DE8}") = "Tests", "Tests", "{5460B6EA-B20A-460B-9409-24687A5A68C3}"
EndProject
Project("{9A19103F-16F7-4668-BE54-9A1E7A4F7556}") = "HyperVBackup.Delivery.Adapters.YandexCloud", "Delivery\HyperVBackup.Delivery.Adapters.YandexCloud\HyperVBackup.Delivery.Adapters.YandexCloud.csproj", "{5D447913-7ED0-470E-AC63-1433774F3BB1}"
EndProject
Project("{9A19103F-16F7-4668-BE54-9A1E7A4F7556}") = "HyperVBackup.Delivery.Adapters.FileSystem", "Delivery\HyperVBackup.Delivery.Adapters.FileSystem\HyperVBackup.Delivery.Adapters.FileSystem.csproj", "{28DFD3A5-99E7-4F09-8AF3-424775CBA5F8}"
EndProject
Project("{9A19103F-16F7-4668-BE54-9A1E7A4F7556}") = "HyperVBackup.Delivery.Abstract", "Delivery\HyperVBackup.Delivery.Abstract\HyperVBackup.Delivery.Abstract.csproj", "{4751F71A-9D2D-4D9B-83C8-D1A1ED334A4F}"
EndProject
Project("{9A19103F-16F7-4668-BE54-9A1E7A4F7556}") = "HyperVBackup.Delivery.Manager", "Delivery\HyperVBackup.Delivery.Manager\HyperVBackup.Delivery.Manager.csproj", "{4825DD7E-66B8-4248-B91D-BD35AD4B78EE}"
EndProject
Project("{9A19103F-16F7-4668-BE54-9A1E7A4F7556}") = "HyperVBackup.Abstract", "HyperVBackup.Abstract\HyperVBackup.Abstract.csproj", "{4A17D9C6-E546-46EC-A68D-A62B465C49E7}"
EndProject
Project("{9A19103F-16F7-4668-BE54-9A1E7A4F7556}") = "HyperVBackup.Data", "HyperVBackup.Data\HyperVBackup.Data.csproj", "{0ADC7216-54C6-4282-B685-688EFD7DEB71}"
EndProject
Project("{9A19103F-16F7-4668-BE54-9A1E7A4F7556}") = "HyperVBackup.Services", "HyperVBackup.Services\HyperVBackup.Services.csproj", "{B7B902DF-1C3D-4803-B7A4-2E7D7669DBC4}"
EndProject
Project("{FAE04EC0-301F-11D3-BF4B-00C04F79EFBC}") = "HyperVBackup.Delivery.Tests", "Tests\HyperVBackup.Delivery.Tests\HyperVBackup.Delivery.Tests.csproj", "{76810ED7-3011-4338-A2BF-85265596E7B2}"
EndProject
Project("{FAE04EC0-301F-11D3-BF4B-00C04F79EFBC}") = "HyperVBackup.Services.Tests", "Tests\HyperVBackup.Services.Tests\HyperVBackup.Services.Tests.csproj", "{A955A579-A1D4-42DC-82BF-6C349BD8C246}"
EndProject
Global
	GlobalSection(SolutionConfigurationPlatforms) = preSolution
		Debug|Any CPU = Debug|Any CPU
		Release|Any CPU = Release|Any CPU
	EndGlobalSection
	GlobalSection(ProjectConfigurationPlatforms) = postSolution
		{5D447913-7ED0-470E-AC63-1433774F3BB1}.Debug|Any CPU.ActiveCfg = Debug|Any CPU
		{5D447913-7ED0-470E-AC63-1433774F3BB1}.Debug|Any CPU.Build.0 = Debug|Any CPU
		{5D447913-7ED0-470E-AC63-1433774F3BB1}.Release|Any CPU.ActiveCfg = Release|Any CPU
		{5D447913-7ED0-470E-AC63-1433774F3BB1}.Release|Any CPU.Build.0 = Release|Any CPU
		{28DFD3A5-99E7-4F09-8AF3-424775CBA5F8}.Debug|Any CPU.ActiveCfg = Debug|Any CPU
		{28DFD3A5-99E7-4F09-8AF3-424775CBA5F8}.Debug|Any CPU.Build.0 = Debug|Any CPU
		{28DFD3A5-99E7-4F09-8AF3-424775CBA5F8}.Release|Any CPU.ActiveCfg = Release|Any CPU
		{28DFD3A5-99E7-4F09-8AF3-424775CBA5F8}.Release|Any CPU.Build.0 = Release|Any CPU
		{4751F71A-9D2D-4D9B-83C8-D1A1ED334A4F}.Debug|Any CPU.ActiveCfg = Debug|Any CPU
		{4751F71A-9D2D-4D9B-83C8-D1A1ED334A4F}.Debug|Any CPU.Build.0 = Debug|Any CPU
		{4751F71A-9D2D-4D9B-83C8-D1A1ED334A4F}.Release|Any CPU.ActiveCfg = Release|Any CPU
		{4751F71A-9D2D-4D9B-83C8-D1A1ED334A4F}.Release|Any CPU.Build.0 = Release|Any CPU
		{4825DD7E-66B8-4248-B91D-BD35AD4B78EE}.Debug|Any CPU.ActiveCfg = Debug|Any CPU
		{4825DD7E-66B8-4248-B91D-BD35AD4B78EE}.Debug|Any CPU.Build.0 = Debug|Any CPU
		{4825DD7E-66B8-4248-B91D-BD35AD4B78EE}.Release|Any CPU.ActiveCfg = Release|Any CPU
		{4825DD7E-66B8-4248-B91D-BD35AD4B78EE}.Release|Any CPU.Build.0 = Release|Any CPU
		{4A17D9C6-E546-46EC-A68D-A62B465C49E7}.Debug|Any CPU.ActiveCfg = Debug|Any CPU
		{4A17D9C6-E546-46EC-A68D-A62B465C49E7}.Debug|Any CPU.Build.0 = Debug|Any CPU
		{4A17D9C6-E546-46EC-A68D-A62B465C49E7}.Release|Any CPU.ActiveCfg = Release|Any CPU
		{4A17D9C6-E546-46EC-A68D-A62B465C49E7}.Release|Any CPU.Build.0 = Release|Any CPU
		{0ADC7216-54C6-4282-B685-688EFD7DEB71}.Debug|Any CPU.ActiveCfg = Debug|Any CPU
		{0ADC7216-54C6-4282-B685-688EFD7DEB71}.Debug|Any CPU.Build.0 = Debug|Any CPU
		{0ADC7216-54C6-4282-B685-688EFD7DEB71}.Release|Any CPU.ActiveCfg = Release|Any CPU
		{0ADC7216-54C6-4282-B685-688EFD7DEB71}.Release|Any CPU.Build.0 = Release|Any CPU
		{B7B902DF-1C3D-4803-B7A4-2E7D7669DBC4}.Debug|Any CPU.ActiveCfg = Debug|Any CPU
		{B7B902DF-1C3D-4803-B7A4-2E7D7669DBC4}.Debug|Any CPU.Build.0 = Debug|Any CPU
		{B7B902DF-1C3D-4803-B7A4-2E7D7669DBC4}.Release|Any CPU.ActiveCfg = Release|Any CPU
		{B7B902DF-1C3D-4803-B7A4-2E7D7669DBC4}.Release|Any CPU.Build.0 = Release|Any CPU
		{76810ED7-3011-4338-A2BF-85265596E7B2}.Debug|Any CPU.ActiveCfg = Debug|Any CPU
		{76810ED7-3011-4338-A2BF-85265596E7B2}.Debug|Any CPU.Build.0 = Debug|Any CPU
		{76810ED7-3011-4338-A2BF-85265596E7B2}.Release|Any CPU.ActiveCfg = Release|Any CPU
		{76810ED7-3011-4338-A2BF-85265596E7B2}.Release|Any CPU.Build.0 = Release|Any CPU
		{A955A579-A1D4-42DC-82BF-6C349BD8C246}.Debug|Any CPU.ActiveCfg = Debug|Any CPU
		{A955A579-A1D4-42DC-82BF-6C349BD8C246}.Debug|Any CPU.Build.0 = Debug|Any CPU
		{A955A579-A1D4-42DC-82BF-6C349BD8C246}.Release|Any CPU.ActiveCfg = Release|Any CPU
		{A955A579-A1D4-42DC-82BF-6C349BD8C246}.Release|Any CPU.Build.0 = Release|Any CPU
	EndGlobalSection
	GlobalSection(SolutionProperties) = preSolution
		HideSolutionNode = FALSE
	EndGlobalSection
	GlobalSection(NestedProjects) = preSolution
		{D4CD2E62-0B2A-4B19-8F9C-21CA7CDC7501} = {D703D853-477A-46B8-960F-680A8199C100}
		{5D447913-7ED0-470E-AC63-1433774F3BB1} = {D4CD2E62-0B2A-4B19-8F9C-21CA7CDC7501}
		{28DFD3A5-99E7-4F09-8AF3-424775CBA5F8} = {D4CD2E62-0B2A-4B19-8F9C-21CA7CDC7501}
		{4751F71A-9D2D-4D9B-83C8-D1A1ED334A4F} = {D703D853-477A-46B8-960F-680A8199C100}
		{4825DD7E-66B8-4248-B91D-BD35AD4B78EE} = {D703D853-477A-46B8-960F-680A8199C100}
		{76810ED7-3011-4338-A2BF-85265596E7B2} = {5460B6EA-B20A-460B-9409-24687A5A68C3}
		{A955A579-A1D4-42DC-82BF-6C349BD8C246} = {5460B6EA-B20A-460B-9409-24687A5A68C3}
	EndGlobalSection
	GlobalSection(ExtensibilityGlobals) = postSolution
		SolutionGuid = {9FECD584-47EE-4670-8756-DEB70CA2DF7D}
	EndGlobalSection
EndGlobal
